
Microsoft Visual Studio Solution File, Format Version 12.00
# Visual Studio Version 16
VisualStudioVersion = 16.0.30002.166
MinimumVisualStudioVersion = 10.0.40219.1
Project("{FAE04EC0-301F-11D3-BF4B-00C04F79EFBC}") = "WPFTemplet", "WPFTemplet\WPFTemplet.csproj", "{81116734-E344-4E76-9B8A-B132B3B84807}"
EndProject
Global
	GlobalSection(SolutionConfigurationPlatforms) = preSolution
		Debug|Any CPU = Debug|Any CPU
		Release|Any CPU = Release|Any CPU
	EndGlobalSection
	GlobalSection(ProjectConfigurationPlatforms) = postSolution
		{81116734-E344-4E76-9B8A-B132B3B84807}.Debug|Any CPU.ActiveCfg = Debug|Any CPU
		{81116734-E344-4E76-9B8A-B132B3B84807}.Debug|Any CPU.Build.0 = Debug|Any CPU
		{81116734-E344-4E76-9B8A-B132B3B84807}.Release|Any CPU.ActiveCfg = Release|Any CPU
		{81116734-E344-4E76-9B8A-B132B3B84807}.Release|Any CPU.Build.0 = Release|Any CPU
	EndGlobalSection
	GlobalSection(SolutionProperties) = preSolution
		HideSolutionNode = FALSE
	EndGlobalSection
	GlobalSection(ExtensibilityGlobals) = postSolution
		SolutionGuid = {E3E44587-6A52-43B6-A4CD-0B3982769530}
	EndGlobalSection
EndGlobal
